
Microsoft Visual Studio Solution File, Format Version 12.00
# Visual Studio Version 17
VisualStudioVersion = 17.11.35327.3
MinimumVisualStudioVersion = 10.0.40219.1
Project("{FAE04EC0-301F-11D3-BF4B-00C04F79EFBC}") = "MyProject", "MyProject\MyProject.csproj", "{ED850254-A6CE-4AF6-88AB-7F875FB0DF62}"
EndProject
Project("{FAE04EC0-301F-11D3-BF4B-00C04F79EFBC}") = "DataAccess.Postgres", "DataAccess.Postgres\DataAccess.Postgres.csproj", "{4A55575D-A68F-49F1-8C71-FF820BD49B44}"
EndProject
Global
	GlobalSection(SolutionConfigurationPlatforms) = preSolution
		Debug|Any CPU = Debug|Any CPU
		Release|Any CPU = Release|Any CPU
	EndGlobalSection
	GlobalSection(ProjectConfigurationPlatforms) = postSolution
		{ED850254-A6CE-4AF6-88AB-7F875FB0DF62}.Debug|Any CPU.ActiveCfg = Debug|Any CPU
		{ED850254-A6CE-4AF6-88AB-7F875FB0DF62}.Debug|Any CPU.Build.0 = Debug|Any CPU
		{ED850254-A6CE-4AF6-88AB-7F875FB0DF62}.Release|Any CPU.ActiveCfg = Release|Any CPU
		{ED850254-A6CE-4AF6-88AB-7F875FB0DF62}.Release|Any CPU.Build.0 = Release|Any CPU
		{4A55575D-A68F-49F1-8C71-FF820BD49B44}.Debug|Any CPU.ActiveCfg = Debug|Any CPU
		{4A55575D-A68F-49F1-8C71-FF820BD49B44}.Debug|Any CPU.Build.0 = Debug|Any CPU
		{4A55575D-A68F-49F1-8C71-FF820BD49B44}.Release|Any CPU.ActiveCfg = Release|Any CPU
		{4A55575D-A68F-49F1-8C71-FF820BD49B44}.Release|Any CPU.Build.0 = Release|Any CPU
	EndGlobalSection
	GlobalSection(SolutionProperties) = preSolution
		HideSolutionNode = FALSE
	EndGlobalSection
	GlobalSection(ExtensibilityGlobals) = postSolution
		SolutionGuid = {6E208E66-8FD2-4A17-973C-3A1316E30C72}
	EndGlobalSection
EndGlobal
